// !$*UTF8*$!
{
	archiveVersion = 1;
	classes = {
	};
	objectVersion = 56;
	objects = {

/* Begin PBXBuildFile section */
		0673A8962EE3044800C31341 /* Logger.swift in Sources */ = {isa = PBXBuildFile; fileRef = 0673A8952EE3044800C31341 /* Logger.swift */; };
		100000021 /* MeTubeAPIService.swift in Sources */ = {isa = PBXBuildFile; fileRef = 200000021 /* MeTubeAPIService.swift */; };
		100000001 /* MeTubeApp.swift in Sources */ = {isa = PBXBuildFile; fileRef = 200000001 /* MeTubeApp.swift */; };
		100000002 /* ContentView.swift in Sources */ = {isa = PBXBuildFile; fileRef = 200000002 /* ContentView.swift */; };
		100000003 /* Channel.swift in Sources */ = {isa = PBXBuildFile; fileRef = 200000003 /* Channel.swift */; };
		100000004 /* Video.swift in Sources */ = {isa = PBXBuildFile; fileRef = 200000004 /* Video.swift */; };
		100000007 /* CloudKitService.swift in Sources */ = {isa = PBXBuildFile; fileRef = 200000007 /* CloudKitService.swift */; };
		100000009 /* FeedViewModel.swift in Sources */ = {isa = PBXBuildFile; fileRef = 200000009 /* FeedViewModel.swift */; };
		100000010 /* PlayerViewModel.swift in Sources */ = {isa = PBXBuildFile; fileRef = 200000010 /* PlayerViewModel.swift */; };
		100000012 /* FeedView.swift in Sources */ = {isa = PBXBuildFile; fileRef = 200000012 /* FeedView.swift */; };
		100000013 /* ChannelsView.swift in Sources */ = {isa = PBXBuildFile; fileRef = 200000013 /* ChannelsView.swift */; };
		100000014 /* ChannelDetailView.swift in Sources */ = {isa = PBXBuildFile; fileRef = 200000014 /* ChannelDetailView.swift */; };
		100000015 /* VideoPlayerView.swift in Sources */ = {isa = PBXBuildFile; fileRef = 200000015 /* VideoPlayerView.swift */; };
		100000016 /* VideoRowView.swift in Sources */ = {isa = PBXBuildFile; fileRef = 200000016 /* VideoRowView.swift */; };
		100000017 /* Assets.xcassets in Resources */ = {isa = PBXBuildFile; fileRef = 200000017 /* Assets.xcassets */; };
		100000018 /* YouTubeStreamExtractor.swift in Sources */ = {isa = PBXBuildFile; fileRef = 200000020 /* YouTubeStreamExtractor.swift */; };
		5BD041818E1A3B782FFEF745 /* StatusRepository.swift in Sources */ = {isa = PBXBuildFile; fileRef = 8A9942C992EF80B80D4ABBBB /* StatusRepository.swift */; };
		AA1111111111111111111111 /* PlatformUtilities.swift in Sources */ = {isa = PBXBuildFile; fileRef = E60943A59224648B1E37CF1D /* PlatformUtilities.swift */; };
		AA7777777777777777777777 /* SharedTypes.swift in Sources */ = {isa = PBXBuildFile; fileRef = BB7777777777777777777777 /* SharedTypes.swift */; };
		B50D40F4ABD9FCD448507532 /* StatusSyncManager.swift in Sources */ = {isa = PBXBuildFile; fileRef = C1C94D0CAA478A201645F9B4 /* StatusSyncManager.swift */; };
		B6B9483EA9F3CC47B7E77883 /* PlayerConfig.swift in Sources */ = {isa = PBXBuildFile; fileRef = 2BCF4ABC875044960A321F21 /* PlayerConfig.swift */; };
		C2164322B1C913958BE0DCD9 /* YouTubeSDKPlayerView.swift in Sources */ = {isa = PBXBuildFile; fileRef = 4E184F31BF701DD6A0668F2F /* YouTubeSDKPlayerView.swift */; };
		E1EF0DE02EE8D31D00762E56 /* MeTubeAPIService.swift in Sources */ = {isa = PBXBuildFile; fileRef = 200000021 /* MeTubeAPIService.swift */; };
		E1EF0D9F2EE8D31D00762E56 /* FeedView.swift in Sources */ = {isa = PBXBuildFile; fileRef = 200000012 /* FeedView.swift */; };
		E1EF0DA02EE8D31D00762E56 /* ChannelDetailView.swift in Sources */ = {isa = PBXBuildFile; fileRef = 200000014 /* ChannelDetailView.swift */; };
		E1EF0DA12EE8D31D00762E56 /* Logger.swift in Sources */ = {isa = PBXBuildFile; fileRef = 0673A8952EE3044800C31341 /* Logger.swift */; };
		E1EF0DA32EE8D31D00762E56 /* PlayerConfig.swift in Sources */ = {isa = PBXBuildFile; fileRef = 2BCF4ABC875044960A321F21 /* PlayerConfig.swift */; };
		E1EF0DA52EE8D31D00762E56 /* ContentView.swift in Sources */ = {isa = PBXBuildFile; fileRef = 200000002 /* ContentView.swift */; };
		E1EF0DA62EE8D31D00762E56 /* PlayerViewModel.swift in Sources */ = {isa = PBXBuildFile; fileRef = 200000010 /* PlayerViewModel.swift */; };
		E1EF0DA92EE8D31D00762E56 /* StatusEntity.swift in Sources */ = {isa = PBXBuildFile; fileRef = 5C4C48BCB5080CA3AE37E6FF /* StatusEntity.swift */; };
		E1EF0DAA2EE8D31D00762E56 /* FeedViewModel.swift in Sources */ = {isa = PBXBuildFile; fileRef = 200000009 /* FeedViewModel.swift */; };
		E1EF0DAB2EE8D31D00762E56 /* CloudKitService.swift in Sources */ = {isa = PBXBuildFile; fileRef = 200000007 /* CloudKitService.swift */; };
		E1EF0DAD2EE8D31D00762E56 /* VideoRowView.swift in Sources */ = {isa = PBXBuildFile; fileRef = 200000016 /* VideoRowView.swift */; };
		E1EF0DAE2EE8D31D00762E56 /* MeTubeApp.swift in Sources */ = {isa = PBXBuildFile; fileRef = 200000001 /* MeTubeApp.swift */; };
		E1EF0DAF2EE8D31D00762E56 /* ChannelsView.swift in Sources */ = {isa = PBXBuildFile; fileRef = 200000013 /* ChannelsView.swift */; };
		E1EF0DB02EE8D31D00762E56 /* VideoPlayerView.swift in Sources */ = {isa = PBXBuildFile; fileRef = 200000015 /* VideoPlayerView.swift */; };
		E1EF0DB42EE8D31D00762E56 /* Video.swift in Sources */ = {isa = PBXBuildFile; fileRef = 200000004 /* Video.swift */; };
		E1EF0DB52EE8D31D00762E56 /* StatusSyncManager.swift in Sources */ = {isa = PBXBuildFile; fileRef = C1C94D0CAA478A201645F9B4 /* StatusSyncManager.swift */; };
		E1EF0DB62EE8D31D00762E56 /* Channel.swift in Sources */ = {isa = PBXBuildFile; fileRef = 200000003 /* Channel.swift */; };
		E1EF0DB72EE8D31D00762E56 /* YouTubeStreamExtractor.swift in Sources */ = {isa = PBXBuildFile; fileRef = 200000020 /* YouTubeStreamExtractor.swift */; };
		E1EF0DB92EE8D31D00762E56 /* YouTubeSDKPlayerView.swift in Sources */ = {isa = PBXBuildFile; fileRef = 4E184F31BF701DD6A0668F2F /* YouTubeSDKPlayerView.swift */; };
		E1EF0DBC2EE8D36A00762E56 /* SharedTypes.swift in Sources */ = {isa = PBXBuildFile; fileRef = BB7777777777777777777777 /* SharedTypes.swift */; };
		E1EF0DBE2EE8D36A00762E56 /* PlatformUtilities.swift in Sources */ = {isa = PBXBuildFile; fileRef = E60943A59224648B1E37CF1D /* PlatformUtilities.swift */; };
		E1EF0DC72EE8D45200762E56 /* TVVideoRowView.swift in Sources */ = {isa = PBXBuildFile; fileRef = E1EF0DC52EE8D45200762E56 /* TVVideoRowView.swift */; };
		E1EF0DC92EE8D45200762E56 /* TVFeedView.swift in Sources */ = {isa = PBXBuildFile; fileRef = E1EF0DC22EE8D45200762E56 /* TVFeedView.swift */; };
		E1EF0DCA2EE8D45200762E56 /* TVVideoPlayerView.swift in Sources */ = {isa = PBXBuildFile; fileRef = E1EF0DC42EE8D45200762E56 /* TVVideoPlayerView.swift */; };
		E1EF0DCB2EE8D45200762E56 /* TVChannelsView.swift in Sources */ = {isa = PBXBuildFile; fileRef = E1EF0DC12EE8D45200762E56 /* TVChannelsView.swift */; };
		E1EF0DD22EE8D67600762E56 /* StatusRepository.swift in Sources */ = {isa = PBXBuildFile; fileRef = E1EF0DCF2EE8D67600762E56 /* StatusRepository.swift */; };
		E1EF0DD52EE8EA8400762E56 /* Assets.xcassets in Resources */ = {isa = PBXBuildFile; fileRef = E1EF0DCC2EE8D50800762E56 /* Assets.xcassets */; };
		E53945E3B2E6C8A907E1851C /* StatusEntity.swift in Sources */ = {isa = PBXBuildFile; fileRef = 5C4C48BCB5080CA3AE37E6FF /* StatusEntity.swift */; };
/* End PBXBuildFile section */

	/* Begin PBXFileReference section */
			0673A8952EE3044800C31341 /* Logger.swift */ = {isa = PBXFileReference; lastKnownFileType = sourcecode.swift; path = Logger.swift; sourceTree = "<group>"; };
			200000000 /* MeTube-iOS.app */ = {isa = PBXFileReference; explicitFileType = wrapper.application; includeInIndex = 0; path = "MeTube-iOS.app"; sourceTree = BUILT_PRODUCTS_DIR; };
			200000001 /* MeTubeApp.swift */ = {isa = PBXFileReference; lastKnownFileType = sourcecode.swift; path = MeTubeApp.swift; sourceTree = "<group>"; };
			200000002 /* ContentView.swift */ = {isa = PBXFileReference; lastKnownFileType = sourcecode.swift; path = ContentView.swift; sourceTree = "<group>"; };
			200000003 /* Channel.swift */ = {isa = PBXFileReference; lastKnownFileType = sourcecode.swift; path = Channel.swift; sourceTree = "<group>"; };
			200000004 /* Video.swift */ = {isa = PBXFileReference; lastKnownFileType = sourcecode.swift; path = Video.swift; sourceTree = "<group>"; };
			200000007 /* CloudKitService.swift */ = {isa = PBXFileReference; lastKnownFileType = sourcecode.swift; path = CloudKitService.swift; sourceTree = "<group>"; };
			200000009 /* FeedViewModel.swift */ = {isa = PBXFileReference; lastKnownFileType = sourcecode.swift; path = FeedViewModel.swift; sourceTree = "<group>"; };
			200000010 /* PlayerViewModel.swift */ = {isa = PBXFileReference; lastKnownFileType = sourcecode.swift; path = PlayerViewModel.swift; sourceTree = "<group>"; };
			200000012 /* FeedView.swift */ = {isa = PBXFileReference; lastKnownFileType = sourcecode.swift; path = FeedView.swift; sourceTree = "<group>"; };
			200000013 /* ChannelsView.swift */ = {isa = PBXFileReference; lastKnownFileType = sourcecode.swift; path = ChannelsView.swift; sourceTree = "<group>"; };
			200000014 /* ChannelDetailView.swift */ = {isa = PBXFileReference; lastKnownFileType = sourcecode.swift; path = ChannelDetailView.swift; sourceTree = "<group>"; };
		200000015 /* VideoPlayerView.swift */ = {isa = PBXFileReference; lastKnownFileType = sourcecode.swift; path = VideoPlayerView.swift; sourceTree = "<group>"; };
		200000016 /* VideoRowView.swift */ = {isa = PBXFileReference; lastKnownFileType = sourcecode.swift; path = VideoRowView.swift; sourceTree = "<group>"; };
		200000017 /* Assets.xcassets */ = {isa = PBXFileReference; lastKnownFileType = folder.assetcatalog; path = Assets.xcassets; sourceTree = "<group>"; };
		200000018 /* Info.plist */ = {isa = PBXFileReference; lastKnownFileType = text.plist.xml; path = Info.plist; sourceTree = "<group>"; };
		200000019 /* MeTube.entitlements */ = {isa = PBXFileReference; lastKnownFileType = text.plist.entitlements; path = MeTube.entitlements; sourceTree = "<group>"; };
		200000020 /* YouTubeStreamExtractor.swift */ = {isa = PBXFileReference; lastKnownFileType = sourcecode.swift; path = YouTubeStreamExtractor.swift; sourceTree = "<group>"; };
		200000021 /* MeTubeAPIService.swift */ = {isa = PBXFileReference; lastKnownFileType = sourcecode.swift; path = MeTubeAPIService.swift; sourceTree = "<group>"; };
		2BCF4ABC875044960A321F21 /* PlayerConfig.swift */ = {isa = PBXFileReference; lastKnownFileType = sourcecode.swift; name = PlayerConfig.swift; path = MeTube/Models/PlayerConfig.swift; sourceTree = SOURCE_ROOT; };
			4E184F31BF701DD6A0668F2F /* YouTubeSDKPlayerView.swift */ = {isa = PBXFileReference; lastKnownFileType = sourcecode.swift; name = YouTubeSDKPlayerView.swift; path = MeTube/Views/YouTubeSDKPlayerView.swift; sourceTree = SOURCE_ROOT; };
			5C4C48BCB5080CA3AE37E6FF /* StatusEntity.swift */ = {isa = PBXFileReference; lastKnownFileType = sourcecode.swift; name = StatusEntity.swift; path = MeTube/Models/Persistence/StatusEntity.swift; sourceTree = SOURCE_ROOT; };
			8A9942C992EF80B80D4ABBBB /* StatusRepository.swift */ = {isa = PBXFileReference; lastKnownFileType = sourcecode.swift; name = StatusRepository.swift; path = MeTube/Repositories/StatusRepository.swift; sourceTree = SOURCE_ROOT; };
			BB7777777777777777777777 /* SharedTypes.swift */ = {isa = PBXFileReference; lastKnownFileType = sourcecode.swift; name = SharedTypes.swift; path = MeTube/Shared/SharedTypes.swift; sourceTree = SOURCE_ROOT; };
			C1C94D0CAA478A201645F9B4 /* StatusSyncManager.swift */ = {isa = PBXFileReference; lastKnownFileType = sourcecode.swift; name = StatusSyncManager.swift; path = MeTube/Services/Sync/StatusSyncManager.swift; sourceTree = SOURCE_ROOT; };
			E1EF0D332EE8C7E400762E56 /* MeTube-tvOS.app */ = {isa = PBXFileReference; explicitFileType = wrapper.application; includeInIndex = 0; path = "MeTube-tvOS.app"; sourceTree = BUILT_PRODUCTS_DIR; };
			E1EF0DC12EE8D45200762E56 /* TVChannelsView.swift */ = {isa = PBXFileReference; lastKnownFileType = sourcecode.swift; path = TVChannelsView.swift; sourceTree = "<group>"; };
			E1EF0DC22EE8D45200762E56 /* TVFeedView.swift */ = {isa = PBXFileReference; lastKnownFileType = sourcecode.swift; path = TVFeedView.swift; sourceTree = "<group>"; };
			E1EF0DC42EE8D45200762E56 /* TVVideoPlayerView.swift */ = {isa = PBXFileReference; lastKnownFileType = sourcecode.swift; path = TVVideoPlayerView.swift; sourceTree = "<group>"; };
			E1EF0DC52EE8D45200762E56 /* TVVideoRowView.swift */ = {isa = PBXFileReference; lastKnownFileType = sourcecode.swift; path = TVVideoRowView.swift; sourceTree = "<group>"; };
			E1EF0DCC2EE8D50800762E56 /* Assets.xcassets */ = {isa = PBXFileReference; lastKnownFileType = folder.assetcatalog; name = Assets.xcassets; path = MeTube/Assets.xcassets; sourceTree = SOURCE_ROOT; };
			E1EF0DCF2EE8D67600762E56 /* StatusRepository.swift */ = {isa = PBXFileReference; lastKnownFileType = sourcecode.swift; path = StatusRepository.swift; sourceTree = "<group>"; };
			E60943A59224648B1E37CF1D /* PlatformUtilities.swift */ = {isa = PBXFileReference; lastKnownFileType = sourcecode.swift; name = PlatformUtilities.swift; path = MeTube/Shared/PlatformUtilities.swift; sourceTree = SOURCE_ROOT; };
	/* End PBXFileReference section */

/* Begin PBXFrameworksBuildPhase section */
		300000001 /* Frameworks */ = {
			isa = PBXFrameworksBuildPhase;
			buildActionMask = 2147483647;
			files = (
			);
			runOnlyForDeploymentPostprocessing = 0;
		};
		E1EF0D302EE8C7E400762E56 /* Frameworks */ = {
			isa = PBXFrameworksBuildPhase;
			buildActionMask = 2147483647;
			files = (
			);
			runOnlyForDeploymentPostprocessing = 0;
		};
/* End PBXFrameworksBuildPhase section */

/* Begin PBXGroup section */
		400000000 = {
			isa = PBXGroup;
			children = (
				400000008 /* Resources */,
				400000001 /* MeTube */,
				400000010 /* Products */,
				E60943A59224648B1E37CF1D /* PlatformUtilities.swift */,
				BB7777777777777777777777 /* SharedTypes.swift */,
			);
			sourceTree = "<group>";
		};
			400000001 /* MeTube */ = {
				isa = PBXGroup;
				children = (
					200000018 /* Info.plist */,
					200000019 /* MeTube.entitlements */,
					400000002 /* App */,
					400000003 /* Models */,
					E1EF0DD12EE8D67600762E56 /* Repositories */,
					400000006 /* Services */,
					400000004 /* ViewModels */,
					400000005 /* Views */,
					8A9942C992EF80B80D4ABBBB /* StatusRepository.swift */,
				);
				path = MeTube;
				sourceTree = "<group>";
			};
		400000002 /* App */ = {
			isa = PBXGroup;
			children = (
				200000001 /* MeTubeApp.swift */,
				200000002 /* ContentView.swift */,
			);
			path = App;
			sourceTree = "<group>";
		};
			400000003 /* Models */ = {
				isa = PBXGroup;
				children = (
					200000003 /* Channel.swift */,
					200000004 /* Video.swift */,
					5C4C48BCB5080CA3AE37E6FF /* StatusEntity.swift */,
					2BCF4ABC875044960A321F21 /* PlayerConfig.swift */,
				);
				path = Models;
				sourceTree = "<group>";
			};
		400000004 /* ViewModels */ = {
			isa = PBXGroup;
			children = (
				200000009 /* FeedViewModel.swift */,
				200000010 /* PlayerViewModel.swift */,
			);
			path = ViewModels;
			sourceTree = "<group>";
		};
		400000005 /* Views */ = {
			isa = PBXGroup;
			children = (
				200000012 /* FeedView.swift */,
				200000013 /* ChannelsView.swift */,
				200000014 /* ChannelDetailView.swift */,
				200000015 /* VideoPlayerView.swift */,
				400000009 /* Components */,
				4E184F31BF701DD6A0668F2F /* YouTubeSDKPlayerView.swift */,
				E1EF0DC62EE8D45200762E56 /* tvOS */,
			);
			path = Views;
			sourceTree = "<group>";
		};
			400000006 /* Services */ = {
				isa = PBXGroup;
				children = (
					0673A8952EE3044800C31341 /* Logger.swift */,
					200000007 /* CloudKitService.swift */,
					200000021 /* MeTubeAPIService.swift */,
					200000020 /* YouTubeStreamExtractor.swift */,
					C1C94D0CAA478A201645F9B4 /* StatusSyncManager.swift */,
				);
				path = Services;
				sourceTree = "<group>";
			};
		400000008 /* Resources */ = {
			isa = PBXGroup;
			children = (
				200000017 /* Assets.xcassets */,
				E1EF0DCC2EE8D50800762E56 /* Assets.xcassets */,
			);
			path = Resources;
			sourceTree = "<group>";
		};
		400000009 /* Components */ = {
			isa = PBXGroup;
			children = (
				200000016 /* VideoRowView.swift */,
			);
			path = Components;
			sourceTree = "<group>";
		};
		400000010 /* Products */ = {
			isa = PBXGroup;
			children = (
				200000000 /* MeTube-iOS.app */,
				E1EF0D332EE8C7E400762E56 /* MeTube-tvOS.app */,
			);
			name = Products;
			sourceTree = "<group>";
		};
		E1EF0DC62EE8D45200762E56 /* tvOS */ = {
			isa = PBXGroup;
			children = (
				E1EF0DC12EE8D45200762E56 /* TVChannelsView.swift */,
				E1EF0DC22EE8D45200762E56 /* TVFeedView.swift */,
				E1EF0DC42EE8D45200762E56 /* TVVideoPlayerView.swift */,
				E1EF0DC52EE8D45200762E56 /* TVVideoRowView.swift */,
			);
			path = tvOS;
			sourceTree = "<group>";
		};
			E1EF0DD12EE8D67600762E56 /* Repositories */ = {
				isa = PBXGroup;
				children = (
					E1EF0DCF2EE8D67600762E56 /* StatusRepository.swift */,
				);
				path = Repositories;
				sourceTree = "<group>";
			};
/* End PBXGroup section */

/* Begin PBXNativeTarget section */
		500000001 /* MeTube-iOS */ = {
			isa = PBXNativeTarget;
			buildConfigurationList = 600000003 /* Build configuration list for PBXNativeTarget "MeTube-iOS" */;
			buildPhases = (
				500000002 /* Sources */,
				300000001 /* Frameworks */,
				500000003 /* Resources */,
			);
			buildRules = (
			);
			dependencies = (
			);
			name = "MeTube-iOS";
			productName = MeTube;
			productReference = 200000000 /* MeTube-iOS.app */;
			productType = "com.apple.product-type.application";
		};
		E1EF0D322EE8C7E400762E56 /* MeTube-tvOS */ = {
			isa = PBXNativeTarget;
			buildConfigurationList = E1EF0D3B2EE8C7E500762E56 /* Build configuration list for PBXNativeTarget "MeTube-tvOS" */;
			buildPhases = (
				E1EF0D2F2EE8C7E400762E56 /* Sources */,
				E1EF0D302EE8C7E400762E56 /* Frameworks */,
				E1EF0D312EE8C7E400762E56 /* Resources */,
			);
			buildRules = (
			);
			dependencies = (
			);
			name = "MeTube-tvOS";
			packageProductDependencies = (
			);
			productName = MeTube;
			productReference = E1EF0D332EE8C7E400762E56 /* MeTube-tvOS.app */;
			productType = "com.apple.product-type.application";
		};
/* End PBXNativeTarget section */

/* Begin PBXProject section */
		700000001 /* Project object */ = {
			isa = PBXProject;
			attributes = {
				BuildIndependentTargetsInParallel = 1;
				LastSwiftUpdateCheck = 2610;
				LastUpgradeCheck = 2610;
				TargetAttributes = {
					500000001 = {
						CreatedOnToolsVersion = 15.0;
					};
					E1EF0D322EE8C7E400762E56 = {
						CreatedOnToolsVersion = 26.1.1;
					};
				};
			};
			buildConfigurationList = 600000001 /* Build configuration list for PBXProject "MeTube" */;
			compatibilityVersion = "Xcode 14.0";
			developmentRegion = en;
			hasScannedForEncodings = 0;
			knownRegions = (
				en,
				Base,
			);
			mainGroup = 400000000;
			productRefGroup = 400000010 /* Products */;
			projectDirPath = "";
			projectRoot = "";
			targets = (
				500000001 /* MeTube-iOS */,
				E1EF0D322EE8C7E400762E56 /* MeTube-tvOS */,
			);
		};
/* End PBXProject section */

/* Begin PBXResourcesBuildPhase section */
		500000003 /* Resources */ = {
			isa = PBXResourcesBuildPhase;
			buildActionMask = 2147483647;
			files = (
				100000017 /* Assets.xcassets in Resources */,
			);
			runOnlyForDeploymentPostprocessing = 0;
		};
		E1EF0D312EE8C7E400762E56 /* Resources */ = {
			isa = PBXResourcesBuildPhase;
			buildActionMask = 2147483647;
			files = (
				E1EF0DD52EE8EA8400762E56 /* Assets.xcassets in Resources */,
			);
			runOnlyForDeploymentPostprocessing = 0;
		};
/* End PBXResourcesBuildPhase section */

/* Begin PBXSourcesBuildPhase section */
			500000002 /* Sources */ = {
				isa = PBXSourcesBuildPhase;
				buildActionMask = 2147483647;
				files = (
					100000001 /* MeTubeApp.swift in Sources */,
					100000002 /* ContentView.swift in Sources */,
					100000003 /* Channel.swift in Sources */,
					100000004 /* Video.swift in Sources */,
					100000021 /* MeTubeAPIService.swift in Sources */,
					100000007 /* CloudKitService.swift in Sources */,
					100000018 /* YouTubeStreamExtractor.swift in Sources */,
					0673A8962EE3044800C31341 /* Logger.swift in Sources */,
					100000009 /* FeedViewModel.swift in Sources */,
					100000010 /* PlayerViewModel.swift in Sources */,
					100000012 /* FeedView.swift in Sources */,
					100000013 /* ChannelsView.swift in Sources */,
					100000014 /* ChannelDetailView.swift in Sources */,
					100000015 /* VideoPlayerView.swift in Sources */,
					100000016 /* VideoRowView.swift in Sources */,
					E53945E3B2E6C8A907E1851C /* StatusEntity.swift in Sources */,
					5BD041818E1A3B782FFEF745 /* StatusRepository.swift in Sources */,
					B50D40F4ABD9FCD448507532 /* StatusSyncManager.swift in Sources */,
					B6B9483EA9F3CC47B7E77883 /* PlayerConfig.swift in Sources */,
					C2164322B1C913958BE0DCD9 /* YouTubeSDKPlayerView.swift in Sources */,
					AA1111111111111111111111 /* PlatformUtilities.swift in Sources */,
					AA7777777777777777777777 /* SharedTypes.swift in Sources */,
				);
				runOnlyForDeploymentPostprocessing = 0;
			};
			E1EF0D2F2EE8C7E400762E56 /* Sources */ = {
				isa = PBXSourcesBuildPhase;
				buildActionMask = 2147483647;
				files = (
					E1EF0DE02EE8D31D00762E56 /* MeTubeAPIService.swift in Sources */,
					E1EF0D9F2EE8D31D00762E56 /* FeedView.swift in Sources */,
					E1EF0DA02EE8D31D00762E56 /* ChannelDetailView.swift in Sources */,
					E1EF0DA12EE8D31D00762E56 /* Logger.swift in Sources */,
					E1EF0DC72EE8D45200762E56 /* TVVideoRowView.swift in Sources */,
					E1EF0DC92EE8D45200762E56 /* TVFeedView.swift in Sources */,
					E1EF0DCA2EE8D45200762E56 /* TVVideoPlayerView.swift in Sources */,
					E1EF0DCB2EE8D45200762E56 /* TVChannelsView.swift in Sources */,
					E1EF0DA32EE8D31D00762E56 /* PlayerConfig.swift in Sources */,
					E1EF0DA52EE8D31D00762E56 /* ContentView.swift in Sources */,
					E1EF0DA62EE8D31D00762E56 /* PlayerViewModel.swift in Sources */,
					E1EF0DD22EE8D67600762E56 /* StatusRepository.swift in Sources */,
					E1EF0DA92EE8D31D00762E56 /* StatusEntity.swift in Sources */,
					E1EF0DAA2EE8D31D00762E56 /* FeedViewModel.swift in Sources */,
					E1EF0DBC2EE8D36A00762E56 /* SharedTypes.swift in Sources */,
					E1EF0DBE2EE8D36A00762E56 /* PlatformUtilities.swift in Sources */,
					E1EF0DAB2EE8D31D00762E56 /* CloudKitService.swift in Sources */,
					E1EF0DAD2EE8D31D00762E56 /* VideoRowView.swift in Sources */,
					E1EF0DAE2EE8D31D00762E56 /* MeTubeApp.swift in Sources */,
					E1EF0DAF2EE8D31D00762E56 /* ChannelsView.swift in Sources */,
					E1EF0DB02EE8D31D00762E56 /* VideoPlayerView.swift in Sources */,
					E1EF0DB42EE8D31D00762E56 /* Video.swift in Sources */,
					E1EF0DB52EE8D31D00762E56 /* StatusSyncManager.swift in Sources */,
					E1EF0DB62EE8D31D00762E56 /* Channel.swift in Sources */,
					E1EF0DB72EE8D31D00762E56 /* YouTubeStreamExtractor.swift in Sources */,
					E1EF0DB92EE8D31D00762E56 /* YouTubeSDKPlayerView.swift in Sources */,
				);
				runOnlyForDeploymentPostprocessing = 0;
			};
/* End PBXSourcesBuildPhase section */

/* Begin XCBuildConfiguration section */
		800000001 /* Debug */ = {
			isa = XCBuildConfiguration;
			buildSettings = {
				ALWAYS_SEARCH_USER_PATHS = NO;
				ASSETCATALOG_COMPILER_GENERATE_SWIFT_ASSET_SYMBOL_EXTENSIONS = YES;
				CLANG_ANALYZER_NONNULL = YES;
				CLANG_ANALYZER_NUMBER_OBJECT_CONVERSION = YES_AGGRESSIVE;
				CLANG_CXX_LANGUAGE_STANDARD = "gnu++20";
				CLANG_ENABLE_MODULES = YES;
				CLANG_ENABLE_OBJC_ARC = YES;
				CLANG_ENABLE_OBJC_WEAK = YES;
				CLANG_WARN_BLOCK_CAPTURE_AUTORELEASING = YES;
				CLANG_WARN_BOOL_CONVERSION = YES;
				CLANG_WARN_COMMA = YES;
				CLANG_WARN_CONSTANT_CONVERSION = YES;
				CLANG_WARN_DEPRECATED_OBJC_IMPLEMENTATIONS = YES;
				CLANG_WARN_DIRECT_OBJC_ISA_USAGE = YES_ERROR;
				CLANG_WARN_DOCUMENTATION_COMMENTS = YES;
				CLANG_WARN_EMPTY_BODY = YES;
				CLANG_WARN_ENUM_CONVERSION = YES;
				CLANG_WARN_INFINITE_RECURSION = YES;
				CLANG_WARN_INT_CONVERSION = YES;
				CLANG_WARN_NON_LITERAL_NULL_CONVERSION = YES;
				CLANG_WARN_OBJC_IMPLICIT_RETAIN_SELF = YES;
				CLANG_WARN_OBJC_LITERAL_CONVERSION = YES;
				CLANG_WARN_OBJC_ROOT_CLASS = YES_ERROR;
				CLANG_WARN_QUOTED_INCLUDE_IN_FRAMEWORK_HEADER = YES;
				CLANG_WARN_RANGE_LOOP_ANALYSIS = YES;
				CLANG_WARN_STRICT_PROTOTYPES = YES;
				CLANG_WARN_SUSPICIOUS_MOVE = YES;
				CLANG_WARN_UNGUARDED_AVAILABILITY = YES_AGGRESSIVE;
				CLANG_WARN_UNREACHABLE_CODE = YES;
				CLANG_WARN__DUPLICATE_METHOD_MATCH = YES;
				COPY_PHASE_STRIP = NO;
				DEBUG_INFORMATION_FORMAT = dwarf;
				DEVELOPMENT_TEAM = W65292CD8T;
				ENABLE_STRICT_OBJC_MSGSEND = YES;
				ENABLE_TESTABILITY = YES;
				ENABLE_USER_SCRIPT_SANDBOXING = YES;
				GCC_C_LANGUAGE_STANDARD = gnu17;
				GCC_DYNAMIC_NO_PIC = NO;
				GCC_NO_COMMON_BLOCKS = YES;
				GCC_OPTIMIZATION_LEVEL = 0;
				GCC_PREPROCESSOR_DEFINITIONS = (
					"DEBUG=1",
					"$(inherited)",
				);
				GCC_WARN_64_TO_32_BIT_CONVERSION = YES;
				GCC_WARN_ABOUT_RETURN_TYPE = YES_ERROR;
				GCC_WARN_UNDECLARED_SELECTOR = YES;
				GCC_WARN_UNINITIALIZED_AUTOS = YES_AGGRESSIVE;
				GCC_WARN_UNUSED_FUNCTION = YES;
				GCC_WARN_UNUSED_VARIABLE = YES;
				IPHONEOS_DEPLOYMENT_TARGET = 17.0;
				LOCALIZATION_PREFERS_STRING_CATALOGS = YES;
				MTL_ENABLE_DEBUG_INFO = INCLUDE_SOURCE;
				MTL_FAST_MATH = YES;
				ONLY_ACTIVE_ARCH = YES;
				SDKROOT = iphoneos;
				STRING_CATALOG_GENERATE_SYMBOLS = YES;
				SWIFT_ACTIVE_COMPILATION_CONDITIONS = "DEBUG $(inherited)";
				SWIFT_OPTIMIZATION_LEVEL = "-Onone";
			};
			name = Debug;
		};
		800000002 /* Release */ = {
			isa = XCBuildConfiguration;
			buildSettings = {
				ALWAYS_SEARCH_USER_PATHS = NO;
				ASSETCATALOG_COMPILER_GENERATE_SWIFT_ASSET_SYMBOL_EXTENSIONS = YES;
				CLANG_ANALYZER_NONNULL = YES;
				CLANG_ANALYZER_NUMBER_OBJECT_CONVERSION = YES_AGGRESSIVE;
				CLANG_CXX_LANGUAGE_STANDARD = "gnu++20";
				CLANG_ENABLE_MODULES = YES;
				CLANG_ENABLE_OBJC_ARC = YES;
				CLANG_ENABLE_OBJC_WEAK = YES;
				CLANG_WARN_BLOCK_CAPTURE_AUTORELEASING = YES;
				CLANG_WARN_BOOL_CONVERSION = YES;
				CLANG_WARN_COMMA = YES;
				CLANG_WARN_CONSTANT_CONVERSION = YES;
				CLANG_WARN_DEPRECATED_OBJC_IMPLEMENTATIONS = YES;
				CLANG_WARN_DIRECT_OBJC_ISA_USAGE = YES_ERROR;
				CLANG_WARN_DOCUMENTATION_COMMENTS = YES;
				CLANG_WARN_EMPTY_BODY = YES;
				CLANG_WARN_ENUM_CONVERSION = YES;
				CLANG_WARN_INFINITE_RECURSION = YES;
				CLANG_WARN_INT_CONVERSION = YES;
				CLANG_WARN_NON_LITERAL_NULL_CONVERSION = YES;
				CLANG_WARN_OBJC_IMPLICIT_RETAIN_SELF = YES;
				CLANG_WARN_OBJC_LITERAL_CONVERSION = YES;
				CLANG_WARN_OBJC_ROOT_CLASS = YES_ERROR;
				CLANG_WARN_QUOTED_INCLUDE_IN_FRAMEWORK_HEADER = YES;
				CLANG_WARN_RANGE_LOOP_ANALYSIS = YES;
				CLANG_WARN_STRICT_PROTOTYPES = YES;
				CLANG_WARN_SUSPICIOUS_MOVE = YES;
				CLANG_WARN_UNGUARDED_AVAILABILITY = YES_AGGRESSIVE;
				CLANG_WARN_UNREACHABLE_CODE = YES;
				CLANG_WARN__DUPLICATE_METHOD_MATCH = YES;
				COPY_PHASE_STRIP = NO;
				DEBUG_INFORMATION_FORMAT = "dwarf-with-dsym";
				DEVELOPMENT_TEAM = W65292CD8T;
				ENABLE_NS_ASSERTIONS = NO;
				ENABLE_STRICT_OBJC_MSGSEND = YES;
				ENABLE_USER_SCRIPT_SANDBOXING = YES;
				GCC_C_LANGUAGE_STANDARD = gnu17;
				GCC_NO_COMMON_BLOCKS = YES;
				GCC_WARN_64_TO_32_BIT_CONVERSION = YES;
				GCC_WARN_ABOUT_RETURN_TYPE = YES_ERROR;
				GCC_WARN_UNDECLARED_SELECTOR = YES;
				GCC_WARN_UNINITIALIZED_AUTOS = YES_AGGRESSIVE;
				GCC_WARN_UNUSED_FUNCTION = YES;
				GCC_WARN_UNUSED_VARIABLE = YES;
				IPHONEOS_DEPLOYMENT_TARGET = 17.0;
				LOCALIZATION_PREFERS_STRING_CATALOGS = YES;
				MTL_ENABLE_DEBUG_INFO = NO;
				MTL_FAST_MATH = YES;
				SDKROOT = iphoneos;
				STRING_CATALOG_GENERATE_SYMBOLS = YES;
				SWIFT_COMPILATION_MODE = wholemodule;
				VALIDATE_PRODUCT = YES;
			};
			name = Release;
		};
		800000003 /* Debug */ = {
			isa = XCBuildConfiguration;
			buildSettings = {
				ASSETCATALOG_COMPILER_APPICON_NAME = AppIcon;
				ASSETCATALOG_COMPILER_GLOBAL_ACCENT_COLOR_NAME = AccentColor;
				CODE_SIGN_ENTITLEMENTS = MeTube/MeTube.entitlements;
				CODE_SIGN_STYLE = Automatic;
				CURRENT_PROJECT_VERSION = 1;
				ENABLE_PREVIEWS = YES;
				GENERATE_INFOPLIST_FILE = YES;
				INFOPLIST_FILE = MeTube/Info.plist;
				INFOPLIST_KEY_CFBundleDisplayName = MeTube;
				INFOPLIST_KEY_LSApplicationCategoryType = "public.app-category.entertainment";
				INFOPLIST_KEY_UIApplicationSupportsIndirectInputEvents = YES;
				INFOPLIST_KEY_UIRequiredDeviceCapabilities = armv7;
				INFOPLIST_KEY_UISupportedInterfaceOrientations = "UIInterfaceOrientationPortrait UIInterfaceOrientationLandscapeLeft UIInterfaceOrientationLandscapeRight";
				INFOPLIST_KEY_UISupportedInterfaceOrientations_iPad = "UIInterfaceOrientationPortrait UIInterfaceOrientationPortraitUpsideDown UIInterfaceOrientationLandscapeLeft UIInterfaceOrientationLandscapeRight";
				INFOPLIST_KEY_UISupportedInterfaceOrientations_iPhone = "UIInterfaceOrientationPortrait UIInterfaceOrientationLandscapeLeft UIInterfaceOrientationLandscapeRight";
				IPHONEOS_DEPLOYMENT_TARGET = 17.6;
				LD_RUNPATH_SEARCH_PATHS = (
					"$(inherited)",
					"@executable_path/Frameworks",
				);
				MARKETING_VERSION = 1.0;
				PRODUCT_BUNDLE_IDENTIFIER = com.metube.app;
				PRODUCT_NAME = "$(TARGET_NAME)";
				SUPPORTED_PLATFORMS = "iphoneos iphonesimulator";
				SUPPORTS_MACCATALYST = NO;
				SUPPORTS_MAC_DESIGNED_FOR_IPHONE_IPAD = NO;
				SUPPORTS_XR_DESIGNED_FOR_IPHONE_IPAD = NO;
				SWIFT_EMIT_LOC_STRINGS = YES;
				SWIFT_VERSION = 5.0;
				TARGETED_DEVICE_FAMILY = "1,2";
			};
			name = Debug;
		};
		800000004 /* Release */ = {
			isa = XCBuildConfiguration;
			buildSettings = {
				ASSETCATALOG_COMPILER_APPICON_NAME = AppIcon;
				ASSETCATALOG_COMPILER_GLOBAL_ACCENT_COLOR_NAME = AccentColor;
				CODE_SIGN_ENTITLEMENTS = MeTube/MeTube.entitlements;
				CODE_SIGN_STYLE = Automatic;
				CURRENT_PROJECT_VERSION = 1;
				ENABLE_PREVIEWS = YES;
				GENERATE_INFOPLIST_FILE = YES;
				INFOPLIST_FILE = MeTube/Info.plist;
				INFOPLIST_KEY_CFBundleDisplayName = MeTube;
				INFOPLIST_KEY_LSApplicationCategoryType = "public.app-category.entertainment";
				INFOPLIST_KEY_UIApplicationSupportsIndirectInputEvents = YES;
				INFOPLIST_KEY_UIRequiredDeviceCapabilities = armv7;
				INFOPLIST_KEY_UISupportedInterfaceOrientations = "UIInterfaceOrientationPortrait UIInterfaceOrientationLandscapeLeft UIInterfaceOrientationLandscapeRight";
				INFOPLIST_KEY_UISupportedInterfaceOrientations_iPad = "UIInterfaceOrientationPortrait UIInterfaceOrientationPortraitUpsideDown UIInterfaceOrientationLandscapeLeft UIInterfaceOrientationLandscapeRight";
				INFOPLIST_KEY_UISupportedInterfaceOrientations_iPhone = "UIInterfaceOrientationPortrait UIInterfaceOrientationLandscapeLeft UIInterfaceOrientationLandscapeRight";
				IPHONEOS_DEPLOYMENT_TARGET = 17.6;
				LD_RUNPATH_SEARCH_PATHS = (
					"$(inherited)",
					"@executable_path/Frameworks",
				);
				MARKETING_VERSION = 1.0;
				PRODUCT_BUNDLE_IDENTIFIER = com.metube.app;
				PRODUCT_NAME = "$(TARGET_NAME)";
				SUPPORTED_PLATFORMS = "iphoneos iphonesimulator";
				SUPPORTS_MACCATALYST = NO;
				SUPPORTS_MAC_DESIGNED_FOR_IPHONE_IPAD = NO;
				SUPPORTS_XR_DESIGNED_FOR_IPHONE_IPAD = NO;
				SWIFT_EMIT_LOC_STRINGS = YES;
				SWIFT_VERSION = 5.0;
				TARGETED_DEVICE_FAMILY = "1,2";
			};
			name = Release;
		};
		E1EF0D3C2EE8C7E500762E56 /* Debug */ = {
			isa = XCBuildConfiguration;
			buildSettings = {
				ASSETCATALOG_COMPILER_APPICON_NAME = "Brand Assets";
				ASSETCATALOG_COMPILER_GLOBAL_ACCENT_COLOR_NAME = AccentColor;
				ASSETCATALOG_COMPILER_INCLUDE_ALL_APPICON_ASSETS = NO;
				CODE_SIGN_ENTITLEMENTS = "MeTube-tvOS/MeTube.entitlements";
				CODE_SIGN_STYLE = Automatic;
				CURRENT_PROJECT_VERSION = 1;
				DEVELOPMENT_TEAM = W65292CD8T;
				ENABLE_PREVIEWS = YES;
				GENERATE_INFOPLIST_FILE = YES;
				INFOPLIST_FILE = "MeTube-tvOS/Info.plist";
				INFOPLIST_KEY_CFBundleDisplayName = MeTube;
				INFOPLIST_KEY_LSApplicationCategoryType = "public.app-category.entertainment";
				INFOPLIST_KEY_UILaunchScreen_Generation = YES;
				INFOPLIST_KEY_UIUserInterfaceStyle = Automatic;
				LD_RUNPATH_SEARCH_PATHS = (
					"$(inherited)",
					"@executable_path/Frameworks",
				);
				MARKETING_VERSION = 1.0;
				PRODUCT_BUNDLE_IDENTIFIER = com.metube.app;
				PRODUCT_NAME = "$(TARGET_NAME)";
				SDKROOT = appletvos;
				STRING_CATALOG_GENERATE_SYMBOLS = YES;
				SWIFT_APPROACHABLE_CONCURRENCY = YES;
				SWIFT_DEFAULT_ACTOR_ISOLATION = MainActor;
				SWIFT_EMIT_LOC_STRINGS = YES;
				SWIFT_UPCOMING_FEATURE_MEMBER_IMPORT_VISIBILITY = YES;
				SWIFT_VERSION = 5.0;
				TARGETED_DEVICE_FAMILY = 3;
				TVOS_DEPLOYMENT_TARGET = 17.6;
			};
			name = Debug;
		};
		E1EF0D3D2EE8C7E500762E56 /* Release */ = {
			isa = XCBuildConfiguration;
			buildSettings = {
				ASSETCATALOG_COMPILER_APPICON_NAME = "Brand Assets";
				ASSETCATALOG_COMPILER_GLOBAL_ACCENT_COLOR_NAME = AccentColor;
				ASSETCATALOG_COMPILER_INCLUDE_ALL_APPICON_ASSETS = NO;
				CODE_SIGN_ENTITLEMENTS = "MeTube-tvOS/MeTube.entitlements";
				CODE_SIGN_STYLE = Automatic;
				CURRENT_PROJECT_VERSION = 1;
				DEVELOPMENT_TEAM = W65292CD8T;
				ENABLE_PREVIEWS = YES;
				GENERATE_INFOPLIST_FILE = YES;
				INFOPLIST_FILE = "MeTube-tvOS/Info.plist";
				INFOPLIST_KEY_CFBundleDisplayName = MeTube;
				INFOPLIST_KEY_LSApplicationCategoryType = "public.app-category.entertainment";
				INFOPLIST_KEY_UILaunchScreen_Generation = YES;
				INFOPLIST_KEY_UIUserInterfaceStyle = Automatic;
				LD_RUNPATH_SEARCH_PATHS = (
					"$(inherited)",
					"@executable_path/Frameworks",
				);
				MARKETING_VERSION = 1.0;
				PRODUCT_BUNDLE_IDENTIFIER = com.metube.app;
				PRODUCT_NAME = "$(TARGET_NAME)";
				SDKROOT = appletvos;
				STRING_CATALOG_GENERATE_SYMBOLS = YES;
				SWIFT_APPROACHABLE_CONCURRENCY = YES;
				SWIFT_DEFAULT_ACTOR_ISOLATION = MainActor;
				SWIFT_EMIT_LOC_STRINGS = YES;
				SWIFT_UPCOMING_FEATURE_MEMBER_IMPORT_VISIBILITY = YES;
				SWIFT_VERSION = 5.0;
				TARGETED_DEVICE_FAMILY = 3;
				TVOS_DEPLOYMENT_TARGET = 17.6;
			};
			name = Release;
		};
/* End XCBuildConfiguration section */

/* Begin XCConfigurationList section */
		600000001 /* Build configuration list for PBXProject "MeTube" */ = {
			isa = XCConfigurationList;
			buildConfigurations = (
				800000001 /* Debug */,
				800000002 /* Release */,
			);
			defaultConfigurationIsVisible = 0;
			defaultConfigurationName = Release;
		};
		600000003 /* Build configuration list for PBXNativeTarget "MeTube-iOS" */ = {
			isa = XCConfigurationList;
			buildConfigurations = (
				800000003 /* Debug */,
				800000004 /* Release */,
			);
			defaultConfigurationIsVisible = 0;
			defaultConfigurationName = Release;
		};
		E1EF0D3B2EE8C7E500762E56 /* Build configuration list for PBXNativeTarget "MeTube-tvOS" */ = {
			isa = XCConfigurationList;
			buildConfigurations = (
				E1EF0D3C2EE8C7E500762E56 /* Debug */,
				E1EF0D3D2EE8C7E500762E56 /* Release */,
			);
			defaultConfigurationIsVisible = 0;
			defaultConfigurationName = Release;
		};
/* End XCConfigurationList section */
	};
	rootObject = 700000001 /* Project object */;
}
